
Microsoft Visual Studio Solution File, Format Version 12.00
# Visual Studio Version 17
VisualStudioVersion = 17.0.31903.59
MinimumVisualStudioVersion = 10.0.40219.1
Project("{2150E333-8FDC-42A3-9474-1A3956D46DE8}") = "tests", "tests", "{0AB3BF05-4346-4AA6-1389-037BE0695223}"
EndProject
Project("{FAE04EC0-301F-11D3-BF4B-00C04F79EFBC}") = "PropostaService.Tests", "tests\PropostaService.Tests\PropostaService.Tests.csproj", "{F850C50C-D652-4C80-9A92-77E0DB500204}"
EndProject
Project("{FAE04EC0-301F-11D3-BF4B-00C04F79EFBC}") = "ContratacaoService.Tests", "tests\ContratacaoService.Tests\ContratacaoService.Tests.csproj", "{35B54C35-42D5-4C63-B7B9-37175914C9A2}"
EndProject
Project("{2150E333-8FDC-42A3-9474-1A3956D46DE8}") = "src", "src", "{827E0CD3-B72D-47B6-A68D-7590B98EB39B}"
EndProject
Project("{FAE04EC0-301F-11D3-BF4B-00C04F79EFBC}") = "PropostaService.Api", "src\PropostaService.Api\PropostaService.Api.csproj", "{14148639-F876-436C-BB3D-D636C3D45A7E}"
EndProject
Project("{FAE04EC0-301F-11D3-BF4B-00C04F79EFBC}") = "PropostaService.Domain", "src\PropostaService.Domain\PropostaService.Domain.csproj", "{BBC47747-94FE-46EB-81AF-6E4498F08D1F}"
EndProject
Project("{FAE04EC0-301F-11D3-BF4B-00C04F79EFBC}") = "PropostaService.Application", "src\PropostaService.Application\PropostaService.Application.csproj", "{B39046F4-DB3F-465F-8270-0C6962EFCED9}"
EndProject
Project("{FAE04EC0-301F-11D3-BF4B-00C04F79EFBC}") = "PropostaService.Infrastructure", "src\PropostaService.Infrastructure\PropostaService.Infrastructure.csproj", "{AEC92F67-52EC-4BBF-8C57-DDFF91E77002}"
EndProject
Project("{FAE04EC0-301F-11D3-BF4B-00C04F79EFBC}") = "ContratacaoService.Api", "src\ContratacaoService.Api\ContratacaoService.Api.csproj", "{9B8E89A7-24FB-4EEB-85D9-52D5C1386395}"
EndProject
Project("{FAE04EC0-301F-11D3-BF4B-00C04F79EFBC}") = "ContratacaoService.Domain", "src\ContratacaoService.Domain\ContratacaoService.Domain.csproj", "{32852769-2354-4CE2-AD4C-0B7EDE50282D}"
EndProject
Project("{FAE04EC0-301F-11D3-BF4B-00C04F79EFBC}") = "ContratacaoService.Application", "src\ContratacaoService.Application\ContratacaoService.Application.csproj", "{720AC658-AB89-44FA-86F2-8C2DA6ACB40D}"
EndProject
Project("{FAE04EC0-301F-11D3-BF4B-00C04F79EFBC}") = "ContratacaoService.Infrastructure", "src\ContratacaoService.Infrastructure\ContratacaoService.Infrastructure.csproj", "{4F64D1D8-6DCC-48D2-9729-1ACAEC65B436}"
EndProject
Global
	GlobalSection(SolutionConfigurationPlatforms) = preSolution
		Debug|Any CPU = Debug|Any CPU
		Debug|x64 = Debug|x64
		Debug|x86 = Debug|x86
		Release|Any CPU = Release|Any CPU
		Release|x64 = Release|x64
		Release|x86 = Release|x86
	EndGlobalSection
	GlobalSection(ProjectConfigurationPlatforms) = postSolution
		{F850C50C-D652-4C80-9A92-77E0DB500204}.Debug|Any CPU.ActiveCfg = Debug|Any CPU
		{F850C50C-D652-4C80-9A92-77E0DB500204}.Debug|Any CPU.Build.0 = Debug|Any CPU
		{F850C50C-D652-4C80-9A92-77E0DB500204}.Debug|x64.ActiveCfg = Debug|Any CPU
		{F850C50C-D652-4C80-9A92-77E0DB500204}.Debug|x64.Build.0 = Debug|Any CPU
		{F850C50C-D652-4C80-9A92-77E0DB500204}.Debug|x86.ActiveCfg = Debug|Any CPU
		{F850C50C-D652-4C80-9A92-77E0DB500204}.Debug|x86.Build.0 = Debug|Any CPU
		{F850C50C-D652-4C80-9A92-77E0DB500204}.Release|Any CPU.ActiveCfg = Release|Any CPU
		{F850C50C-D652-4C80-9A92-77E0DB500204}.Release|Any CPU.Build.0 = Release|Any CPU
		{F850C50C-D652-4C80-9A92-77E0DB500204}.Release|x64.ActiveCfg = Release|Any CPU
		{F850C50C-D652-4C80-9A92-77E0DB500204}.Release|x64.Build.0 = Release|Any CPU
		{F850C50C-D652-4C80-9A92-77E0DB500204}.Release|x86.ActiveCfg = Release|Any CPU
		{F850C50C-D652-4C80-9A92-77E0DB500204}.Release|x86.Build.0 = Release|Any CPU
		{35B54C35-42D5-4C63-B7B9-37175914C9A2}.Debug|Any CPU.ActiveCfg = Debug|Any CPU
		{35B54C35-42D5-4C63-B7B9-37175914C9A2}.Debug|Any CPU.Build.0 = Debug|Any CPU
		{35B54C35-42D5-4C63-B7B9-37175914C9A2}.Debug|x64.ActiveCfg = Debug|Any CPU
		{35B54C35-42D5-4C63-B7B9-37175914C9A2}.Debug|x64.Build.0 = Debug|Any CPU
		{35B54C35-42D5-4C63-B7B9-37175914C9A2}.Debug|x86.ActiveCfg = Debug|Any CPU
		{35B54C35-42D5-4C63-B7B9-37175914C9A2}.Debug|x86.Build.0 = Debug|Any CPU
		{35B54C35-42D5-4C63-B7B9-37175914C9A2}.Release|Any CPU.ActiveCfg = Release|Any CPU
		{35B54C35-42D5-4C63-B7B9-37175914C9A2}.Release|Any CPU.Build.0 = Release|Any CPU
		{35B54C35-42D5-4C63-B7B9-37175914C9A2}.Release|x64.ActiveCfg = Release|Any CPU
		{35B54C35-42D5-4C63-B7B9-37175914C9A2}.Release|x64.Build.0 = Release|Any CPU
		{35B54C35-42D5-4C63-B7B9-37175914C9A2}.Release|x86.ActiveCfg = Release|Any CPU
		{35B54C35-42D5-4C63-B7B9-37175914C9A2}.Release|x86.Build.0 = Release|Any CPU
		{14148639-F876-436C-BB3D-D636C3D45A7E}.Debug|Any CPU.ActiveCfg = Debug|Any CPU
		{14148639-F876-436C-BB3D-D636C3D45A7E}.Debug|Any CPU.Build.0 = Debug|Any CPU
		{14148639-F876-436C-BB3D-D636C3D45A7E}.Debug|x64.ActiveCfg = Debug|Any CPU
		{14148639-F876-436C-BB3D-D636C3D45A7E}.Debug|x64.Build.0 = Debug|Any CPU
		{14148639-F876-436C-BB3D-D636C3D45A7E}.Debug|x86.ActiveCfg = Debug|Any CPU
		{14148639-F876-436C-BB3D-D636C3D45A7E}.Debug|x86.Build.0 = Debug|Any CPU
		{14148639-F876-436C-BB3D-D636C3D45A7E}.Release|Any CPU.ActiveCfg = Release|Any CPU
		{14148639-F876-436C-BB3D-D636C3D45A7E}.Release|Any CPU.Build.0 = Release|Any CPU
		{14148639-F876-436C-BB3D-D636C3D45A7E}.Release|x64.ActiveCfg = Release|Any CPU
		{14148639-F876-436C-BB3D-D636C3D45A7E}.Release|x64.Build.0 = Release|Any CPU
		{14148639-F876-436C-BB3D-D636C3D45A7E}.Release|x86.ActiveCfg = Release|Any CPU
		{14148639-F876-436C-BB3D-D636C3D45A7E}.Release|x86.Build.0 = Release|Any CPU
		{BBC47747-94FE-46EB-81AF-6E4498F08D1F}.Debug|Any CPU.ActiveCfg = Debug|Any CPU
		{BBC47747-94FE-46EB-81AF-6E4498F08D1F}.Debug|Any CPU.Build.0 = Debug|Any CPU
		{BBC47747-94FE-46EB-81AF-6E4498F08D1F}.Debug|x64.ActiveCfg = Debug|Any CPU
		{BBC47747-94FE-46EB-81AF-6E4498F08D1F}.Debug|x64.Build.0 = Debug|Any CPU
		{BBC47747-94FE-46EB-81AF-6E4498F08D1F}.Debug|x86.ActiveCfg = Debug|Any CPU
		{BBC47747-94FE-46EB-81AF-6E4498F08D1F}.Debug|x86.Build.0 = Debug|Any CPU
		{BBC47747-94FE-46EB-81AF-6E4498F08D1F}.Release|Any CPU.ActiveCfg = Release|Any CPU
		{BBC47747-94FE-46EB-81AF-6E4498F08D1F}.Release|Any CPU.Build.0 = Release|Any CPU
		{BBC47747-94FE-46EB-81AF-6E4498F08D1F}.Release|x64.ActiveCfg = Release|Any CPU
		{BBC47747-94FE-46EB-81AF-6E4498F08D1F}.Release|x64.Build.0 = Release|Any CPU
		{BBC47747-94FE-46EB-81AF-6E4498F08D1F}.Release|x86.ActiveCfg = Release|Any CPU
		{BBC47747-94FE-46EB-81AF-6E4498F08D1F}.Release|x86.Build.0 = Release|Any CPU
		{B39046F4-DB3F-465F-8270-0C6962EFCED9}.Debug|Any CPU.ActiveCfg = Debug|Any CPU
		{B39046F4-DB3F-465F-8270-0C6962EFCED9}.Debug|Any CPU.Build.0 = Debug|Any CPU
		{B39046F4-DB3F-465F-8270-0C6962EFCED9}.Debug|x64.ActiveCfg = Debug|Any CPU
		{B39046F4-DB3F-465F-8270-0C6962EFCED9}.Debug|x64.Build.0 = Debug|Any CPU
		{B39046F4-DB3F-465F-8270-0C6962EFCED9}.Debug|x86.ActiveCfg = Debug|Any CPU
		{B39046F4-DB3F-465F-8270-0C6962EFCED9}.Debug|x86.Build.0 = Debug|Any CPU
		{B39046F4-DB3F-465F-8270-0C6962EFCED9}.Release|Any CPU.ActiveCfg = Release|Any CPU
		{B39046F4-DB3F-465F-8270-0C6962EFCED9}.Release|Any CPU.Build.0 = Release|Any CPU
		{B39046F4-DB3F-465F-8270-0C6962EFCED9}.Release|x64.ActiveCfg = Release|Any CPU
		{B39046F4-DB3F-465F-8270-0C6962EFCED9}.Release|x64.Build.0 = Release|Any CPU
		{B39046F4-DB3F-465F-8270-0C6962EFCED9}.Release|x86.ActiveCfg = Release|Any CPU
		{B39046F4-DB3F-465F-8270-0C6962EFCED9}.Release|x86.Build.0 = Release|Any CPU
		{AEC92F67-52EC-4BBF-8C57-DDFF91E77002}.Debug|Any CPU.ActiveCfg = Debug|Any CPU
		{AEC92F67-52EC-4BBF-8C57-DDFF91E77002}.Debug|Any CPU.Build.0 = Debug|Any CPU
		{AEC92F67-52EC-4BBF-8C57-DDFF91E77002}.Debug|x64.ActiveCfg = Debug|Any CPU
		{AEC92F67-52EC-4BBF-8C57-DDFF91E77002}.Debug|x64.Build.0 = Debug|Any CPU
		{AEC92F67-52EC-4BBF-8C57-DDFF91E77002}.Debug|x86.ActiveCfg = Debug|Any CPU
		{AEC92F67-52EC-4BBF-8C57-DDFF91E77002}.Debug|x86.Build.0 = Debug|Any CPU
		{AEC92F67-52EC-4BBF-8C57-DDFF91E77002}.Release|Any CPU.ActiveCfg = Release|Any CPU
		{AEC92F67-52EC-4BBF-8C57-DDFF91E77002}.Release|Any CPU.Build.0 = Release|Any CPU
		{AEC92F67-52EC-4BBF-8C57-DDFF91E77002}.Release|x64.ActiveCfg = Release|Any CPU
		{AEC92F67-52EC-4BBF-8C57-DDFF91E77002}.Release|x64.Build.0 = Release|Any CPU
		{AEC92F67-52EC-4BBF-8C57-DDFF91E77002}.Release|x86.ActiveCfg = Release|Any CPU
		{AEC92F67-52EC-4BBF-8C57-DDFF91E77002}.Release|x86.Build.0 = Release|Any CPU
		{9B8E89A7-24FB-4EEB-85D9-52D5C1386395}.Debug|Any CPU.ActiveCfg = Debug|Any CPU
		{9B8E89A7-24FB-4EEB-85D9-52D5C1386395}.Debug|Any CPU.Build.0 = Debug|Any CPU
		{9B8E89A7-24FB-4EEB-85D9-52D5C1386395}.Debug|x64.ActiveCfg = Debug|Any CPU
		{9B8E89A7-24FB-4EEB-85D9-52D5C1386395}.Debug|x64.Build.0 = Debug|Any CPU
		{9B8E89A7-24FB-4EEB-85D9-52D5C1386395}.Debug|x86.ActiveCfg = Debug|Any CPU
		{9B8E89A7-24FB-4EEB-85D9-52D5C1386395}.Debug|x86.Build.0 = Debug|Any CPU
		{9B8E89A7-24FB-4EEB-85D9-52D5C1386395}.Release|Any CPU.ActiveCfg = Release|Any CPU
		{9B8E89A7-24FB-4EEB-85D9-52D5C1386395}.Release|Any CPU.Build.0 = Release|Any CPU
		{9B8E89A7-24FB-4EEB-85D9-52D5C1386395}.Release|x64.ActiveCfg = Release|Any CPU
		{9B8E89A7-24FB-4EEB-85D9-52D5C1386395}.Release|x64.Build.0 = Release|Any CPU
		{9B8E89A7-24FB-4EEB-85D9-52D5C1386395}.Release|x86.ActiveCfg = Release|Any CPU
		{9B8E89A7-24FB-4EEB-85D9-52D5C1386395}.Release|x86.Build.0 = Release|Any CPU
		{32852769-2354-4CE2-AD4C-0B7EDE50282D}.Debug|Any CPU.ActiveCfg = Debug|Any CPU
		{32852769-2354-4CE2-AD4C-0B7EDE50282D}.Debug|Any CPU.Build.0 = Debug|Any CPU
		{32852769-2354-4CE2-AD4C-0B7EDE50282D}.Debug|x64.ActiveCfg = Debug|Any CPU
		{32852769-2354-4CE2-AD4C-0B7EDE50282D}.Debug|x64.Build.0 = Debug|Any CPU
		{32852769-2354-4CE2-AD4C-0B7EDE50282D}.Debug|x86.ActiveCfg = Debug|Any CPU
		{32852769-2354-4CE2-AD4C-0B7EDE50282D}.Debug|x86.Build.0 = Debug|Any CPU
		{32852769-2354-4CE2-AD4C-0B7EDE50282D}.Release|Any CPU.ActiveCfg = Release|Any CPU
		{32852769-2354-4CE2-AD4C-0B7EDE50282D}.Release|Any CPU.Build.0 = Release|Any CPU
		{32852769-2354-4CE2-AD4C-0B7EDE50282D}.Release|x64.ActiveCfg = Release|Any CPU
		{32852769-2354-4CE2-AD4C-0B7EDE50282D}.Release|x64.Build.0 = Release|Any CPU
		{32852769-2354-4CE2-AD4C-0B7EDE50282D}.Release|x86.ActiveCfg = Release|Any CPU
		{32852769-2354-4CE2-AD4C-0B7EDE50282D}.Release|x86.Build.0 = Release|Any CPU
		{720AC658-AB89-44FA-86F2-8C2DA6ACB40D}.Debug|Any CPU.ActiveCfg = Debug|Any CPU
		{720AC658-AB89-44FA-86F2-8C2DA6ACB40D}.Debug|Any CPU.Build.0 = Debug|Any CPU
		{720AC658-AB89-44FA-86F2-8C2DA6ACB40D}.Debug|x64.ActiveCfg = Debug|Any CPU
		{720AC658-AB89-44FA-86F2-8C2DA6ACB40D}.Debug|x64.Build.0 = Debug|Any CPU
		{720AC658-AB89-44FA-86F2-8C2DA6ACB40D}.Debug|x86.ActiveCfg = Debug|Any CPU
		{720AC658-AB89-44FA-86F2-8C2DA6ACB40D}.Debug|x86.Build.0 = Debug|Any CPU
		{720AC658-AB89-44FA-86F2-8C2DA6ACB40D}.Release|Any CPU.ActiveCfg = Release|Any CPU
		{720AC658-AB89-44FA-86F2-8C2DA6ACB40D}.Release|Any CPU.Build.0 = Release|Any CPU
		{720AC658-AB89-44FA-86F2-8C2DA6ACB40D}.Release|x64.ActiveCfg = Release|Any CPU
		{720AC658-AB89-44FA-86F2-8C2DA6ACB40D}.Release|x64.Build.0 = Release|Any CPU
		{720AC658-AB89-44FA-86F2-8C2DA6ACB40D}.Release|x86.ActiveCfg = Release|Any CPU
		{720AC658-AB89-44FA-86F2-8C2DA6ACB40D}.Release|x86.Build.0 = Release|Any CPU
		{4F64D1D8-6DCC-48D2-9729-1ACAEC65B436}.Debug|Any CPU.ActiveCfg = Debug|Any CPU
		{4F64D1D8-6DCC-48D2-9729-1ACAEC65B436}.Debug|Any CPU.Build.0 = Debug|Any CPU
		{4F64D1D8-6DCC-48D2-9729-1ACAEC65B436}.Debug|x64.ActiveCfg = Debug|Any CPU
		{4F64D1D8-6DCC-48D2-9729-1ACAEC65B436}.Debug|x64.Build.0 = Debug|Any CPU
		{4F64D1D8-6DCC-48D2-9729-1ACAEC65B436}.Debug|x86.ActiveCfg = Debug|Any CPU
		{4F64D1D8-6DCC-48D2-9729-1ACAEC65B436}.Debug|x86.Build.0 = Debug|Any CPU
		{4F64D1D8-6DCC-48D2-9729-1ACAEC65B436}.Release|Any CPU.ActiveCfg = Release|Any CPU
		{4F64D1D8-6DCC-48D2-9729-1ACAEC65B436}.Release|Any CPU.Build.0 = Release|Any CPU
		{4F64D1D8-6DCC-48D2-9729-1ACAEC65B436}.Release|x64.ActiveCfg = Release|Any CPU
		{4F64D1D8-6DCC-48D2-9729-1ACAEC65B436}.Release|x64.Build.0 = Release|Any CPU
		{4F64D1D8-6DCC-48D2-9729-1ACAEC65B436}.Release|x86.ActiveCfg = Release|Any CPU
		{4F64D1D8-6DCC-48D2-9729-1ACAEC65B436}.Release|x86.Build.0 = Release|Any CPU
	EndGlobalSection
	GlobalSection(SolutionProperties) = preSolution
		HideSolutionNode = FALSE
	EndGlobalSection
	GlobalSection(NestedProjects) = preSolution
		{F850C50C-D652-4C80-9A92-77E0DB500204} = {0AB3BF05-4346-4AA6-1389-037BE0695223}
		{35B54C35-42D5-4C63-B7B9-37175914C9A2} = {0AB3BF05-4346-4AA6-1389-037BE0695223}
		{14148639-F876-436C-BB3D-D636C3D45A7E} = {827E0CD3-B72D-47B6-A68D-7590B98EB39B}
		{BBC47747-94FE-46EB-81AF-6E4498F08D1F} = {827E0CD3-B72D-47B6-A68D-7590B98EB39B}
		{B39046F4-DB3F-465F-8270-0C6962EFCED9} = {827E0CD3-B72D-47B6-A68D-7590B98EB39B}
		{AEC92F67-52EC-4BBF-8C57-DDFF91E77002} = {827E0CD3-B72D-47B6-A68D-7590B98EB39B}
		{9B8E89A7-24FB-4EEB-85D9-52D5C1386395} = {827E0CD3-B72D-47B6-A68D-7590B98EB39B}
		{32852769-2354-4CE2-AD4C-0B7EDE50282D} = {827E0CD3-B72D-47B6-A68D-7590B98EB39B}
		{720AC658-AB89-44FA-86F2-8C2DA6ACB40D} = {827E0CD3-B72D-47B6-A68D-7590B98EB39B}
		{4F64D1D8-6DCC-48D2-9729-1ACAEC65B436} = {827E0CD3-B72D-47B6-A68D-7590B98EB39B}
	EndGlobalSection
EndGlobal
